Microsoft Visual Studio Solution File, Format Version 12.00
# Visual Studio Version 17
VisualStudioVersion = 17.3.32721.290
MinimumVisualStudioVersion = 10.0.40219.1
Project("{9A19103F-16F7-4668-BE54-9A1E7A4F7556}") = "IssueHub", "IssueHubX\IssueHub\IssueHub.csproj", "{60E91226-A457-4E88-8099-89FDB9C73D57}"
EndProject
Project("{FAE04EC0-301F-11D3-BF4B-00C04F79EFBC}") = "IssueHub.Android", "IssueHubX\IssueHub.Android\IssueHub.Android.csproj", "{BF781901-2758-414B-9479-161940E1DDB2}"
EndProject
Project("{FAE04EC0-301F-11D3-BF4B-00C04F79EFBC}") = "IssueHub.iOS", "IssueHubX\IssueHub.iOS\IssueHub.iOS.csproj", "{8E9C0B56-E758-488A-AFF0-B0BB935470E3}"
EndProject
Project("{9A19103F-16F7-4668-BE54-9A1E7A4F7556}") = "IssueHub.Core", "IssueHubX\IssueHub.Core\IssueHub.Core.csproj", "{32E5957F-C26A-4C5C-8E00-BFB1A5EAAEE6}"
EndProject
Project("{FAE04EC0-301F-11D3-BF4B-00C04F79EFBC}") = "IssueHub.UWP", "IssueHubX\IssueHub.UWP\IssueHub.UWP.csproj", "{E9E87CB0-99C8-4378-8C79-B443469C09C0}"
EndProject
Global
	GlobalSection(SolutionConfigurationPlatforms) = preSolution
		Debug|Any CPU = Debug|Any CPU
		Debug|ARM = Debug|ARM
		Debug|iPhone = Debug|iPhone
		Debug|iPhoneSimulator = Debug|iPhoneSimulator
		Debug|x64 = Debug|x64
		Debug|x86 = Debug|x86
		Release|Any CPU = Release|Any CPU
		Release|ARM = Release|ARM
		Release|iPhone = Release|iPhone
		Release|iPhoneSimulator = Release|iPhoneSimulator
		Release|x64 = Release|x64
		Release|x86 = Release|x86
	EndGlobalSection
	GlobalSection(ProjectConfigurationPlatforms) = postSolution
		{60E91226-A457-4E88-8099-89FDB9C73D57}.Debug|Any CPU.ActiveCfg = Debug|Any CPU
		{60E91226-A457-4E88-8099-89FDB9C73D57}.Debug|Any CPU.Build.0 = Debug|Any CPU
		{60E91226-A457-4E88-8099-89FDB9C73D57}.Debug|ARM.ActiveCfg = Debug|Any CPU
		{60E91226-A457-4E88-8099-89FDB9C73D57}.Debug|ARM.Build.0 = Debug|Any CPU
		{60E91226-A457-4E88-8099-89FDB9C73D57}.Debug|iPhone.ActiveCfg = Debug|Any CPU
		{60E91226-A457-4E88-8099-89FDB9C73D57}.Debug|iPhone.Build.0 = Debug|Any CPU
		{60E91226-A457-4E88-8099-89FDB9C73D57}.Debug|iPhoneSimulator.ActiveCfg = Debug|Any CPU
		{60E91226-A457-4E88-8099-89FDB9C73D57}.Debug|iPhoneSimulator.Build.0 = Debug|Any CPU
		{60E91226-A457-4E88-8099-89FDB9C73D57}.Debug|x64.ActiveCfg = Debug|Any CPU
		{60E91226-A457-4E88-8099-89FDB9C73D57}.Debug|x64.Build.0 = Debug|Any CPU
		{60E91226-A457-4E88-8099-89FDB9C73D57}.Debug|x86.ActiveCfg = Debug|Any CPU
		{60E91226-A457-4E88-8099-89FDB9C73D57}.Debug|x86.Build.0 = Debug|Any CPU
		{60E91226-A457-4E88-8099-89FDB9C73D57}.Release|Any CPU.ActiveCfg = Release|Any CPU
		{60E91226-A457-4E88-8099-89FDB9C73D57}.Release|Any CPU.Build.0 = Release|Any CPU
		{60E91226-A457-4E88-8099-89FDB9C73D57}.Release|ARM.ActiveCfg = Release|Any CPU
		{60E91226-A457-4E88-8099-89FDB9C73D57}.Release|ARM.Build.0 = Release|Any CPU
		{60E91226-A457-4E88-8099-89FDB9C73D57}.Release|iPhone.ActiveCfg = Release|Any CPU
		{60E91226-A457-4E88-8099-89FDB9C73D57}.Release|iPhone.Build.0 = Release|Any CPU
		{60E91226-A457-4E88-8099-89FDB9C73D57}.Release|iPhoneSimulator.ActiveCfg = Release|Any CPU
		{60E91226-A457-4E88-8099-89FDB9C73D57}.Release|iPhoneSimulator.Build.0 = Release|Any CPU
		{60E91226-A457-4E88-8099-89FDB9C73D57}.Release|x64.ActiveCfg = Release|Any CPU
		{60E91226-A457-4E88-8099-89FDB9C73D57}.Release|x64.Build.0 = Release|Any CPU
		{60E91226-A457-4E88-8099-89FDB9C73D57}.Release|x86.ActiveCfg = Release|Any CPU
		{60E91226-A457-4E88-8099-89FDB9C73D57}.Release|x86.Build.0 = Release|Any CPU
		{BF781901-2758-414B-9479-161940E1DDB2}.Debug|Any CPU.ActiveCfg = Debug|Any CPU
		{BF781901-2758-414B-9479-161940E1DDB2}.Debug|Any CPU.Build.0 = Debug|Any CPU
		{BF781901-2758-414B-9479-161940E1DDB2}.Debug|ARM.ActiveCfg = Debug|Any CPU
		{BF781901-2758-414B-9479-161940E1DDB2}.Debug|ARM.Build.0 = Debug|Any CPU
		{BF781901-2758-414B-9479-161940E1DDB2}.Debug|ARM.Deploy.0 = Debug|Any CPU
		{BF781901-2758-414B-9479-161940E1DDB2}.Debug|iPhone.ActiveCfg = Debug|Any CPU
		{BF781901-2758-414B-9479-161940E1DDB2}.Debug|iPhone.Build.0 = Debug|Any CPU
		{BF781901-2758-414B-9479-161940E1DDB2}.Debug|iPhoneSimulator.ActiveCfg = Debug|Any CPU
		{BF781901-2758-414B-9479-161940E1DDB2}.Debug|iPhoneSimulator.Build.0 = Debug|Any CPU
		{BF781901-2758-414B-9479-161940E1DDB2}.Debug|x64.ActiveCfg = Debug|Any CPU
		{BF781901-2758-414B-9479-161940E1DDB2}.Debug|x64.Build.0 = Debug|Any CPU
		{BF781901-2758-414B-9479-161940E1DDB2}.Debug|x64.Deploy.0 = Debug|Any CPU
		{BF781901-2758-414B-9479-161940E1DDB2}.Debug|x86.ActiveCfg = Debug|Any CPU
		{BF781901-2758-414B-9479-161940E1DDB2}.Debug|x86.Build.0 = Debug|Any CPU
		{BF781901-2758-414B-9479-161940E1DDB2}.Debug|x86.Deploy.0 = Debug|Any CPU
		{BF781901-2758-414B-9479-161940E1DDB2}.Release|Any CPU.ActiveCfg = Release|Any CPU
		{BF781901-2758-414B-9479-161940E1DDB2}.Release|Any CPU.Build.0 = Release|Any CPU
		{BF781901-2758-414B-9479-161940E1DDB2}.Release|ARM.ActiveCfg = Release|Any CPU
		{BF781901-2758-414B-9479-161940E1DDB2}.Release|ARM.Build.0 = Release|Any CPU
		{BF781901-2758-414B-9479-161940E1DDB2}.Release|ARM.Deploy.0 = Release|Any CPU
		{BF781901-2758-414B-9479-161940E1DDB2}.Release|iPhone.ActiveCfg = Release|Any CPU
		{BF781901-2758-414B-9479-161940E1DDB2}.Release|iPhone.Build.0 = Release|Any CPU
		{BF781901-2758-414B-9479-161940E1DDB2}.Release|iPhoneSimulator.ActiveCfg = Release|Any CPU
		{BF781901-2758-414B-9479-161940E1DDB2}.Release|iPhoneSimulator.Build.0 = Release|Any CPU
		{BF781901-2758-414B-9479-161940E1DDB2}.Release|x64.ActiveCfg = Release|Any CPU
		{BF781901-2758-414B-9479-161940E1DDB2}.Release|x64.Build.0 = Release|Any CPU
		{BF781901-2758-414B-9479-161940E1DDB2}.Release|x64.Deploy.0 = Release|Any CPU
		{BF781901-2758-414B-9479-161940E1DDB2}.Release|x86.ActiveCfg = Release|Any CPU
		{BF781901-2758-414B-9479-161940E1DDB2}.Release|x86.Build.0 = Release|Any CPU
		{BF781901-2758-414B-9479-161940E1DDB2}.Release|x86.Deploy.0 = Release|Any CPU
		{8E9C0B56-E758-488A-AFF0-B0BB935470E3}.Debug|Any CPU.ActiveCfg = Debug|iPhoneSimulator
		{8E9C0B56-E758-488A-AFF0-B0BB935470E3}.Debug|Any CPU.Build.0 = Debug|iPhoneSimulator
		{8E9C0B56-E758-488A-AFF0-B0BB935470E3}.Debug|ARM.ActiveCfg = Debug|iPhone
		{8E9C0B56-E758-488A-AFF0-B0BB935470E3}.Debug|ARM.Build.0 = Debug|iPhone
		{8E9C0B56-E758-488A-AFF0-B0BB935470E3}.Debug|iPhone.ActiveCfg = Debug|iPhone
		{8E9C0B56-E758-488A-AFF0-B0BB935470E3}.Debug|iPhone.Build.0 = Debug|iPhone
		{8E9C0B56-E758-488A-AFF0-B0BB935470E3}.Debug|iPhoneSimulator.ActiveCfg = Debug|iPhoneSimulator
		{8E9C0B56-E758-488A-AFF0-B0BB935470E3}.Debug|iPhoneSimulator.Build.0 = Debug|iPhoneSimulator
		{8E9C0B56-E758-488A-AFF0-B0BB935470E3}.Debug|x64.ActiveCfg = Debug|iPhone
		{8E9C0B56-E758-488A-AFF0-B0BB935470E3}.Debug|x64.Build.0 = Debug|iPhone
		{8E9C0B56-E758-488A-AFF0-B0BB935470E3}.Debug|x86.ActiveCfg = Debug|iPhone
		{8E9C0B56-E758-488A-AFF0-B0BB935470E3}.Debug|x86.Build.0 = Debug|iPhone
		{8E9C0B56-E758-488A-AFF0-B0BB935470E3}.Release|Any CPU.ActiveCfg = Release|iPhoneSimulator
		{8E9C0B56-E758-488A-AFF0-B0BB935470E3}.Release|Any CPU.Build.0 = Release|iPhoneSimulator
		{8E9C0B56-E758-488A-AFF0-B0BB935470E3}.Release|ARM.ActiveCfg = Release|iPhone
		{8E9C0B56-E758-488A-AFF0-B0BB935470E3}.Release|ARM.Build.0 = Release|iPhone
		{8E9C0B56-E758-488A-AFF0-B0BB935470E3}.Release|iPhone.ActiveCfg = Release|iPhone
		{8E9C0B56-E758-488A-AFF0-B0BB935470E3}.Release|iPhone.Build.0 = Release|iPhone
		{8E9C0B56-E758-488A-AFF0-B0BB935470E3}.Release|iPhoneSimulator.ActiveCfg = Release|iPhoneSimulator
		{8E9C0B56-E758-488A-AFF0-B0BB935470E3}.Release|iPhoneSimulator.Build.0 = Release|iPhoneSimulator
		{8E9C0B56-E758-488A-AFF0-B0BB935470E3}.Release|x64.ActiveCfg = Release|iPhone
		{8E9C0B56-E758-488A-AFF0-B0BB935470E3}.Release|x64.Build.0 = Release|iPhone
		{8E9C0B56-E758-488A-AFF0-B0BB935470E3}.Release|x86.ActiveCfg = Release|iPhone
		{8E9C0B56-E758-488A-AFF0-B0BB935470E3}.Release|x86.Build.0 = Release|iPhone
		{32E5957F-C26A-4C5C-8E00-BFB1A5EAAEE6}.Debug|Any CPU.ActiveCfg = Debug|Any CPU
		{32E5957F-C26A-4C5C-8E00-BFB1A5EAAEE6}.Debug|Any CPU.Build.0 = Debug|Any CPU
		{32E5957F-C26A-4C5C-8E00-BFB1A5EAAEE6}.Debug|ARM.ActiveCfg = Debug|Any CPU
		{32E5957F-C26A-4C5C-8E00-BFB1A5EAAEE6}.Debug|ARM.Build.0 = Debug|Any CPU
		{32E5957F-C26A-4C5C-8E00-BFB1A5EAAEE6}.Debug|iPhone.ActiveCfg = Debug|Any CPU
		{32E5957F-C26A-4C5C-8E00-BFB1A5EAAEE6}.Debug|iPhone.Build.0 = Debug|Any CPU
		{32E5957F-C26A-4C5C-8E00-BFB1A5EAAEE6}.Debug|iPhoneSimulator.ActiveCfg = Debug|Any CPU
		{32E5957F-C26A-4C5C-8E00-BFB1A5EAAEE6}.Debug|iPhoneSimulator.Build.0 = Debug|Any CPU
		{32E5957F-C26A-4C5C-8E00-BFB1A5EAAEE6}.Debug|x64.ActiveCfg = Debug|Any CPU
		{32E5957F-C26A-4C5C-8E00-BFB1A5EAAEE6}.Debug|x64.Build.0 = Debug|Any CPU
		{32E5957F-C26A-4C5C-8E00-BFB1A5EAAEE6}.Debug|x86.ActiveCfg = Debug|Any CPU
		{32E5957F-C26A-4C5C-8E00-BFB1A5EAAEE6}.Debug|x86.Build.0 = Debug|Any CPU
		{32E5957F-C26A-4C5C-8E00-BFB1A5EAAEE6}.Release|Any CPU.ActiveCfg = Release|Any CPU
		{32E5957F-C26A-4C5C-8E00-BFB1A5EAAEE6}.Release|Any CPU.Build.0 = Release|Any CPU
		{32E5957F-C26A-4C5C-8E00-BFB1A5EAAEE6}.Release|ARM.ActiveCfg = Release|Any CPU
		{32E5957F-C26A-4C5C-8E00-BFB1A5EAAEE6}.Release|ARM.Build.0 = Release|Any CPU
		{32E5957F-C26A-4C5C-8E00-BFB1A5EAAEE6}.Release|iPhone.ActiveCfg = Release|Any CPU
		{32E5957F-C26A-4C5C-8E00-BFB1A5EAAEE6}.Release|iPhone.Build.0 = Release|Any CPU
		{32E5957F-C26A-4C5C-8E00-BFB1A5EAAEE6}.Release|iPhoneSimulator.ActiveCfg = Release|Any CPU
		{32E5957F-C26A-4C5C-8E00-BFB1A5EAAEE6}.Release|iPhoneSimulator.Build.0 = Release|Any CPU
		{32E5957F-C26A-4C5C-8E00-BFB1A5EAAEE6}.Release|x64.ActiveCfg = Release|Any CPU
		{32E5957F-C26A-4C5C-8E00-BFB1A5EAAEE6}.Release|x64.Build.0 = Release|Any CPU
		{32E5957F-C26A-4C5C-8E00-BFB1A5EAAEE6}.Release|x86.ActiveCfg = Release|Any CPU
		{32E5957F-C26A-4C5C-8E00-BFB1A5EAAEE6}.Release|x86.Build.0 = Release|Any CPU
		{E9E87CB0-99C8-4378-8C79-B443469C09C0}.Debug|Any CPU.ActiveCfg = Debug|x64
		{E9E87CB0-99C8-4378-8C79-B443469C09C0}.Debug|Any CPU.Build.0 = Debug|x64
		{E9E87CB0-99C8-4378-8C79-B443469C09C0}.Debug|Any CPU.Deploy.0 = Debug|x64
		{E9E87CB0-99C8-4378-8C79-B443469C09C0}.Debug|ARM.ActiveCfg = Debug|ARM
		{E9E87CB0-99C8-4378-8C79-B443469C09C0}.Debug|ARM.Build.0 = Debug|ARM
		{E9E87CB0-99C8-4378-8C79-B443469C09C0}.Debug|ARM.Deploy.0 = Debug|ARM
		{E9E87CB0-99C8-4378-8C79-B443469C09C0}.Debug|iPhone.ActiveCfg = Debug|x64
		{E9E87CB0-99C8-4378-8C79-B443469C09C0}.Debug|iPhone.Build.0 = Debug|x64
		{E9E87CB0-99C8-4378-8C79-B443469C09C0}.Debug|iPhone.Deploy.0 = Debug|x64
		{E9E87CB0-99C8-4378-8C79-B443469C09C0}.Debug|iPhoneSimulator.ActiveCfg = Debug|x64
		{E9E87CB0-99C8-4378-8C79-B443469C09C0}.Debug|iPhoneSimulator.Build.0 = Debug|x64
		{E9E87CB0-99C8-4378-8C79-B443469C09C0}.Debug|iPhoneSimulator.Deploy.0 = Debug|x64
		{E9E87CB0-99C8-4378-8C79-B443469C09C0}.Debug|x64.ActiveCfg = Debug|x64
		{E9E87CB0-99C8-4378-8C79-B443469C09C0}.Debug|x64.Build.0 = Debug|x64
		{E9E87CB0-99C8-4378-8C79-B443469C09C0}.Debug|x64.Deploy.0 = Debug|x64
		{E9E87CB0-99C8-4378-8C79-B443469C09C0}.Debug|x86.ActiveCfg = Debug|x86
		{E9E87CB0-99C8-4378-8C79-B443469C09C0}.Debug|x86.Build.0 = Debug|x86
		{E9E87CB0-99C8-4378-8C79-B443469C09C0}.Debug|x86.Deploy.0 = Debug|x86
		{E9E87CB0-99C8-4378-8C79-B443469C09C0}.Release|Any CPU.ActiveCfg = Release|x64
		{E9E87CB0-99C8-4378-8C79-B443469C09C0}.Release|Any CPU.Build.0 = Release|x64
		{E9E87CB0-99C8-4378-8C79-B443469C09C0}.Release|Any CPU.Deploy.0 = Release|x64
		{E9E87CB0-99C8-4378-8C79-B443469C09C0}.Release|ARM.ActiveCfg = Release|ARM
		{E9E87CB0-99C8-4378-8C79-B443469C09C0}.Release|ARM.Build.0 = Release|ARM
		{E9E87CB0-99C8-4378-8C79-B443469C09C0}.Release|ARM.Deploy.0 = Release|ARM
		{E9E87CB0-99C8-4378-8C79-B443469C09C0}.Release|iPhone.ActiveCfg = Release|x64
		{E9E87CB0-99C8-4378-8C79-B443469C09C0}.Release|iPhone.Build.0 = Release|x64
		{E9E87CB0-99C8-4378-8C79-B443469C09C0}.Release|iPhone.Deploy.0 = Release|x64
		{E9E87CB0-99C8-4378-8C79-B443469C09C0}.Release|iPhoneSimulator.ActiveCfg = Release|x64
		{E9E87CB0-99C8-4378-8C79-B443469C09C0}.Release|iPhoneSimulator.Build.0 = Release|x64
		{E9E87CB0-99C8-4378-8C79-B443469C09C0}.Release|iPhoneSimulator.Deploy.0 = Release|x64
		{E9E87CB0-99C8-4378-8C79-B443469C09C0}.Release|x64.ActiveCfg = Release|x64
		{E9E87CB0-99C8-4378-8C79-B443469C09C0}.Release|x64.Build.0 = Release|x64
		{E9E87CB0-99C8-4378-8C79-B443469C09C0}.Release|x64.Deploy.0 = Release|x64
		{E9E87CB0-99C8-4378-8C79-B443469C09C0}.Release|x86.ActiveCfg = Release|x86
		{E9E87CB0-99C8-4378-8C79-B443469C09C0}.Release|x86.Build.0 = Release|x86
		{E9E87CB0-99C8-4378-8C79-B443469C09C0}.Release|x86.Deploy.0 = Release|x86
	EndGlobalSection
	GlobalSection(SolutionProperties) = preSolution
		HideSolutionNode = FALSE
	EndGlobalSection
	GlobalSection(ExtensibilityGlobals) = postSolution
		SolutionGuid = {5DD09BEC-CBC3-4031-A419-A4122AEB2CD6}
	EndGlobalSection
EndGlobal
